{
  "name": "midi-sequencer",
  "requires": true,
  "lockfileVersion": 1,
  "dependencies": {
    "jquery-ujs": {
      "version": "1.2.2",
      "resolved": "https://registry.npmjs.org/jquery-ujs/-/jquery-ujs-1.2.2.tgz",
      "integrity": "sha1-ao7xAg5rbdo4W5CkvdwSjCHFY5c=",
      "requires": {
        "jquery": "3.2.1"
      },
      "dependencies": {
        "jquery": {
          "version": "3.2.1",
          "resolved": "https://registry.npmjs.org/jquery/-/jquery-3.2.1.tgz",
          "integrity": "sha1-XE2d5lKvbNCncBVKYxu6ErAVx4c="
        }
      }
    }
  }
}
